
Microsoft Visual Studio Solution File, Format Version 12.00
# Visual Studio Version 17
VisualStudioVersion = 17.9.34728.123
MinimumVisualStudioVersion = 10.0.40219.1
Project("{FAE04EC0-301F-11D3-BF4B-00C04F79EFBC}") = "Server", "Server.csproj", "{DBA80FA1-BDBB-4C44-B160-A56309D70322}"
EndProject
Global
	GlobalSection(SolutionConfigurationPlatforms) = preSolution
		Debug|Any CPU = Debug|Any CPU
		Release|Any CPU = Release|Any CPU
	EndGlobalSection
	GlobalSection(ProjectConfigurationPlatforms) = postSolution
		{DBA80FA1-BDBB-4C44-B160-A56309D70322}.Debug|Any CPU.ActiveCfg = Debug|Any CPU
		{DBA80FA1-BDBB-4C44-B160-A56309D70322}.Debug|Any CPU.Build.0 = Debug|Any CPU
		{DBA80FA1-BDBB-4C44-B160-A56309D70322}.Release|Any CPU.ActiveCfg = Release|Any CPU
		{DBA80FA1-BDBB-4C44-B160-A56309D70322}.Release|Any CPU.Build.0 = Release|Any CPU
	EndGlobalSection
	GlobalSection(SolutionProperties) = preSolution
		HideSolutionNode = FALSE
	EndGlobalSection
	GlobalSection(ExtensibilityGlobals) = postSolution
		SolutionGuid = {2EA77289-12AF-48A7-A052-80200C2C1D4B}
	EndGlobalSection
EndGlobal
